
Microsoft Visual Studio Solution File, Format Version 12.00
# Visual Studio Version 17
VisualStudioVersion = 17.8.34322.80
MinimumVisualStudioVersion = 10.0.40219.1
Project("{FAE04EC0-301F-11D3-BF4B-00C04F79EFBC}") = "botiga", "botiga\botiga.csproj", "{232FB611-9941-429A-9317-9E044801B746}"
EndProject
Global
	GlobalSection(SolutionConfigurationPlatforms) = preSolution
		Debug|Any CPU = Debug|Any CPU
		Release|Any CPU = Release|Any CPU
	EndGlobalSection
	GlobalSection(ProjectConfigurationPlatforms) = postSolution
		{232FB611-9941-429A-9317-9E044801B746}.Debug|Any CPU.ActiveCfg = Debug|Any CPU
		{232FB611-9941-429A-9317-9E044801B746}.Debug|Any CPU.Build.0 = Debug|Any CPU
		{232FB611-9941-429A-9317-9E044801B746}.Release|Any CPU.ActiveCfg = Release|Any CPU
		{232FB611-9941-429A-9317-9E044801B746}.Release|Any CPU.Build.0 = Release|Any CPU
	EndGlobalSection
	GlobalSection(SolutionProperties) = preSolution
		HideSolutionNode = FALSE
	EndGlobalSection
	GlobalSection(ExtensibilityGlobals) = postSolution
		SolutionGuid = {8CD5110B-B42A-4A78-8378-EEF07EFC379C}
	EndGlobalSection
EndGlobal
